// !$*UTF8*$!
{
	archiveVersion = 1;
	classes = {
	};
	objectVersion = 51;
	objects = {

/* Begin PBXBuildFile section */
		52078ECF2451A845004B9C12 /* GoogleService-Info.plist in Resources */ = {isa = PBXBuildFile; fileRef = 52078ECE2451A845004B9C12 /* GoogleService-Info.plist */; };
		52078ED12451E379004B9C12 /* HomeController.swift in Sources */ = {isa = PBXBuildFile; fileRef = 52078ED02451E379004B9C12 /* HomeController.swift */; };
		520876A9244E05730069FD6C /* AppDelegate.swift in Sources */ = {isa = PBXBuildFile; fileRef = 520876A8244E05730069FD6C /* AppDelegate.swift */; };
		520876AB244E05730069FD6C /* SceneDelegate.swift in Sources */ = {isa = PBXBuildFile; fileRef = 520876AA244E05730069FD6C /* SceneDelegate.swift */; };
		520876B0244E05730069FD6C /* Main.storyboard in Resources */ = {isa = PBXBuildFile; fileRef = 520876AE244E05730069FD6C /* Main.storyboard */; };
		520876B2244E05760069FD6C /* Assets.xcassets in Resources */ = {isa = PBXBuildFile; fileRef = 520876B1244E05760069FD6C /* Assets.xcassets */; };
		520876B5244E05760069FD6C /* LaunchScreen.storyboard in Resources */ = {isa = PBXBuildFile; fileRef = 520876B3244E05760069FD6C /* LaunchScreen.storyboard */; };
		524B3BE6244F5B0A00179DD9 /* LoginController.swift in Sources */ = {isa = PBXBuildFile; fileRef = 524B3BE5244F5B0A00179DD9 /* LoginController.swift */; };
		5260AD692454163C0055B62B /* LocationInputView.swift in Sources */ = {isa = PBXBuildFile; fileRef = 5260AD682454163C0055B62B /* LocationInputView.swift */; };
		5260AD6B2454890D0055B62B /* LocationCell.swift in Sources */ = {isa = PBXBuildFile; fileRef = 5260AD6A2454890D0055B62B /* LocationCell.swift */; };
		5285FC91245038DF00561ABA /* Extensions.swift in Sources */ = {isa = PBXBuildFile; fileRef = 5285FC90245038DF00561ABA /* Extensions.swift */; };
		5285FC93245093CD00561ABA /* SignUpController.swift in Sources */ = {isa = PBXBuildFile; fileRef = 5285FC92245093CD00561ABA /* SignUpController.swift */; };
		5285FC952450BB2100561ABA /* AuthButton.swift in Sources */ = {isa = PBXBuildFile; fileRef = 5285FC942450BB2100561ABA /* AuthButton.swift */; };
		52A513682453697A0034D116 /* LocationInputActivationView.swift in Sources */ = {isa = PBXBuildFile; fileRef = 52A513672453697A0034D116 /* LocationInputActivationView.swift */; };
		52C09B342455A9E30017411C /* Service.swift in Sources */ = {isa = PBXBuildFile; fileRef = 52C09B332455A9E30017411C /* Service.swift */; };
		52C09B362455DC540017411C /* User.swift in Sources */ = {isa = PBXBuildFile; fileRef = 52C09B352455DC540017411C /* User.swift */; };
		993F97F325C89C8B42862B3D /* Pods_MyUberDuplicate.framework in Frameworks */ = {isa = PBXBuildFile; fileRef = 9D5C622F82036766216ECA3B /* Pods_MyUberDuplicate.framework */; };
/* End PBXBuildFile section */

/* Begin PBXFileReference section */
		42D453D05D8CE16C93ABF3D5 /* Pods-MyUberDuplicate.release.xcconfig */ = {isa = PBXFileReference; includeInIndex = 1; lastKnownFileType = text.xcconfig; name = "Pods-MyUberDuplicate.release.xcconfig"; path = "Target Support Files/Pods-MyUberDuplicate/Pods-MyUberDuplicate.release.xcconfig"; sourceTree = "<group>"; };
		52078ECE2451A845004B9C12 /* GoogleService-Info.plist */ = {isa = PBXFileReference; lastKnownFileType = text.plist; path = "GoogleService-Info.plist"; sourceTree = SOURCE_ROOT; };
		52078ED02451E379004B9C12 /* HomeController.swift */ = {isa = PBXFileReference; lastKnownFileType = sourcecode.swift; path = HomeController.swift; sourceTree = "<group>"; };
		520876A5244E05730069FD6C /* MyUberDuplicate.app */ = {isa = PBXFileReference; explicitFileType = wrapper.application; includeInIndex = 0; path = MyUberDuplicate.app; sourceTree = BUILT_PRODUCTS_DIR; };
		520876A8244E05730069FD6C /* AppDelegate.swift */ = {isa = PBXFileReference; lastKnownFileType = sourcecode.swift; path = AppDelegate.swift; sourceTree = "<group>"; };
		520876AA244E05730069FD6C /* SceneDelegate.swift */ = {isa = PBXFileReference; lastKnownFileType = sourcecode.swift; path = SceneDelegate.swift; sourceTree = "<group>"; };
		520876AF244E05730069FD6C /* Base */ = {isa = PBXFileReference; lastKnownFileType = file.storyboard; name = Base; path = Base.lproj/Main.storyboard; sourceTree = "<group>"; };
		520876B1244E05760069FD6C /* Assets.xcassets */ = {isa = PBXFileReference; lastKnownFileType = folder.assetcatalog; path = Assets.xcassets; sourceTree = "<group>"; };
		520876B4244E05760069FD6C /* Base */ = {isa = PBXFileReference; lastKnownFileType = file.storyboard; name = Base; path = Base.lproj/LaunchScreen.storyboard; sourceTree = "<group>"; };
		520876B6244E05760069FD6C /* Info.plist */ = {isa = PBXFileReference; lastKnownFileType = text.plist.xml; path = Info.plist; sourceTree = "<group>"; };
		524B3BE5244F5B0A00179DD9 /* LoginController.swift */ = {isa = PBXFileReference; lastKnownFileType = sourcecode.swift; path = LoginController.swift; sourceTree = "<group>"; };
		5260AD682454163C0055B62B /* LocationInputView.swift */ = {isa = PBXFileReference; lastKnownFileType = sourcecode.swift; path = LocationInputView.swift; sourceTree = "<group>"; };
		5260AD6A2454890D0055B62B /* LocationCell.swift */ = {isa = PBXFileReference; lastKnownFileType = sourcecode.swift; path = LocationCell.swift; sourceTree = "<group>"; };
		5285FC90245038DF00561ABA /* Extensions.swift */ = {isa = PBXFileReference; lastKnownFileType = sourcecode.swift; path = Extensions.swift; sourceTree = "<group>"; };
		5285FC92245093CD00561ABA /* SignUpController.swift */ = {isa = PBXFileReference; lastKnownFileType = sourcecode.swift; path = SignUpController.swift; sourceTree = "<group>"; };
		5285FC942450BB2100561ABA /* AuthButton.swift */ = {isa = PBXFileReference; lastKnownFileType = sourcecode.swift; path = AuthButton.swift; sourceTree = "<group>"; };
		52A513672453697A0034D116 /* LocationInputActivationView.swift */ = {isa = PBXFileReference; lastKnownFileType = sourcecode.swift; path = LocationInputActivationView.swift; sourceTree = "<group>"; };
		52C09B332455A9E30017411C /* Service.swift */ = {isa = PBXFileReference; lastKnownFileType = sourcecode.swift; path = Service.swift; sourceTree = "<group>"; };
		52C09B352455DC540017411C /* User.swift */ = {isa = PBXFileReference; lastKnownFileType = sourcecode.swift; path = User.swift; sourceTree = "<group>"; };
		976A2B025A2FE43A2B8DC91B /* Pods-MyUberDuplicate.debug.xcconfig */ = {isa = PBXFileReference; includeInIndex = 1; lastKnownFileType = text.xcconfig; name = "Pods-MyUberDuplicate.debug.xcconfig"; path = "Target Support Files/Pods-MyUberDuplicate/Pods-MyUberDuplicate.debug.xcconfig"; sourceTree = "<group>"; };
		9D5C622F82036766216ECA3B /* Pods_MyUberDuplicate.framework */ = {isa = PBXFileReference; explicitFileType = wrapper.framework; includeInIndex = 0; path = Pods_MyUberDuplicate.framework; sourceTree = BUILT_PRODUCTS_DIR; };
/* End PBXFileReference section */

/* Begin PBXFrameworksBuildPhase section */
		520876A2244E05730069FD6C /* Frameworks */ = {
			isa = PBXFrameworksBuildPhase;
			buildActionMask = 2147483647;
			files = (
				993F97F325C89C8B42862B3D /* Pods_MyUberDuplicate.framework in Frameworks */,
			);
			runOnlyForDeploymentPostprocessing = 0;
		};
/* End PBXFrameworksBuildPhase section */

/* Begin PBXGroup section */
		5208769C244E05730069FD6C = {
			isa = PBXGroup;
			children = (
				520876A7244E05730069FD6C /* MyUberDuplicate */,
				520876A6244E05730069FD6C /* Products */,
				AB031F0BEC9E9CCACCAA4069 /* Pods */,
				D35BDB9C214BEB92C02D4DB2 /* Frameworks */,
			);
			sourceTree = "<group>";
		};
		520876A6244E05730069FD6C /* Products */ = {
			isa = PBXGroup;
			children = (
				520876A5244E05730069FD6C /* MyUberDuplicate.app */,
			);
			name = Products;
			sourceTree = "<group>";
		};
		520876A7244E05730069FD6C /* MyUberDuplicate */ = {
			isa = PBXGroup;
			children = (
				524B3BE4244F589400179DD9 /* Model */,
				524B3BE3244F589100179DD9 /* View */,
				524B3BE2244F588F00179DD9 /* Controller */,
				524B3BE1244F587B00179DD9 /* Service */,
				524B3BDF244F586900179DD9 /* Utilities */,
				520876A8244E05730069FD6C /* AppDelegate.swift */,
				520876AA244E05730069FD6C /* SceneDelegate.swift */,
				520876AE244E05730069FD6C /* Main.storyboard */,
				520876B1244E05760069FD6C /* Assets.xcassets */,
				520876B3244E05760069FD6C /* LaunchScreen.storyboard */,
				52078ECE2451A845004B9C12 /* GoogleService-Info.plist */,
				520876B6244E05760069FD6C /* Info.plist */,
			);
			path = MyUberDuplicate;
			sourceTree = "<group>";
		};
		524B3BDF244F586900179DD9 /* Utilities */ = {
			isa = PBXGroup;
			children = (
				5285FC90245038DF00561ABA /* Extensions.swift */,
			);
			path = Utilities;
			sourceTree = "<group>";
		};
		524B3BE1244F587B00179DD9 /* Service */ = {
			isa = PBXGroup;
			children = (
				52C09B332455A9E30017411C /* Service.swift */,
			);
			path = Service;
			sourceTree = "<group>";
		};
		524B3BE2244F588F00179DD9 /* Controller */ = {
			isa = PBXGroup;
			children = (
				524B3BE5244F5B0A00179DD9 /* LoginController.swift */,
				5285FC92245093CD00561ABA /* SignUpController.swift */,
				52078ED02451E379004B9C12 /* HomeController.swift */,
			);
			path = Controller;
			sourceTree = "<group>";
		};
		524B3BE3244F589100179DD9 /* View */ = {
			isa = PBXGroup;
			children = (
				5285FC942450BB2100561ABA /* AuthButton.swift */,
				52A513672453697A0034D116 /* LocationInputActivationView.swift */,
				5260AD682454163C0055B62B /* LocationInputView.swift */,
				5260AD6A2454890D0055B62B /* LocationCell.swift */,
			);
			path = View;
			sourceTree = "<group>";
		};
		524B3BE4244F589400179DD9 /* Model */ = {
			isa = PBXGroup;
			children = (
				52C09B352455DC540017411C /* User.swift */,
			);
			path = Model;
			sourceTree = "<group>";
		};
		AB031F0BEC9E9CCACCAA4069 /* Pods */ = {
			isa = PBXGroup;
			children = (
				976A2B025A2FE43A2B8DC91B /* Pods-MyUberDuplicate.debug.xcconfig */,
				42D453D05D8CE16C93ABF3D5 /* Pods-MyUberDuplicate.release.xcconfig */,
			);
			path = Pods;
			sourceTree = "<group>";
		};
		D35BDB9C214BEB92C02D4DB2 /* Frameworks */ = {
			isa = PBXGroup;
			children = (
				9D5C622F82036766216ECA3B /* Pods_MyUberDuplicate.framework */,
			);
			name = Frameworks;
			sourceTree = "<group>";
		};
/* End PBXGroup section */

/* Begin PBXNativeTarget section */
		520876A4244E05730069FD6C /* MyUberDuplicate */ = {
			isa = PBXNativeTarget;
			buildConfigurationList = 520876B9244E05760069FD6C /* Build configuration list for PBXNativeTarget "MyUberDuplicate" */;
			buildPhases = (
				C2E0ACEE0D6DEA2620EA183B /* [CP] Check Pods Manifest.lock */,
				520876A1244E05730069FD6C /* Sources */,
				520876A2244E05730069FD6C /* Frameworks */,
				520876A3244E05730069FD6C /* Resources */,
				D324131AC21503F93348512C /* [CP] Embed Pods Frameworks */,
			);
			buildRules = (
			);
			dependencies = (
			);
			name = MyUberDuplicate;
			productName = MyUberDuplicate;
			productReference = 520876A5244E05730069FD6C /* MyUberDuplicate.app */;
			productType = "com.apple.product-type.application";
		};
/* End PBXNativeTarget section */

/* Begin PBXProject section */
		5208769D244E05730069FD6C /* Project object */ = {
			isa = PBXProject;
			attributes = {
				LastSwiftUpdateCheck = 1140;
				LastUpgradeCheck = 1140;
				ORGANIZATIONNAME = "Eric Grant";
				TargetAttributes = {
					520876A4244E05730069FD6C = {
						CreatedOnToolsVersion = 11.4.1;
					};
				};
			};
			buildConfigurationList = 520876A0244E05730069FD6C /* Build configuration list for PBXProject "MyUberDuplicate" */;
			compatibilityVersion = "Xcode 9.3";
			developmentRegion = en;
			hasScannedForEncodings = 0;
			knownRegions = (
				en,
				Base,
			);
			mainGroup = 5208769C244E05730069FD6C;
			productRefGroup = 520876A6244E05730069FD6C /* Products */;
			projectDirPath = "";
			projectRoot = "";
			targets = (
				520876A4244E05730069FD6C /* MyUberDuplicate */,
			);
		};
/* End PBXProject section */

/* Begin PBXResourcesBuildPhase section */
		520876A3244E05730069FD6C /* Resources */ = {
			isa = PBXResourcesBuildPhase;
			buildActionMask = 2147483647;
			files = (
				520876B5244E05760069FD6C /* LaunchScreen.storyboard in Resources */,
				52078ECF2451A845004B9C12 /* GoogleService-Info.plist in Resources */,
				520876B2244E05760069FD6C /* Assets.xcassets in Resources */,
				520876B0244E05730069FD6C /* Main.storyboard in Resources */,
			);
			runOnlyForDeploymentPostprocessing = 0;
		};
/* End PBXResourcesBuildPhase section */

/* Begin PBXShellScriptBuildPhase section */
		C2E0ACEE0D6DEA2620EA183B /* [CP] Check Pods Manifest.lock */ = {
			isa = PBXShellScriptBuildPhase;
			buildActionMask = 2147483647;
			files = (
			);
			inputFileListPaths = (
			);
			inputPaths = (
				"${PODS_PODFILE_DIR_PATH}/Podfile.lock",
				"${PODS_ROOT}/Manifest.lock",
			);
			name = "[CP] Check Pods Manifest.lock";
			outputFileListPaths = (
			);
			outputPaths = (
				"$(DERIVED_FILE_DIR)/Pods-MyUberDuplicate-checkManifestLockResult.txt",
			);
			runOnlyForDeploymentPostprocessing = 0;
			shellPath = /bin/sh;
			shellScript = "diff \"${PODS_PODFILE_DIR_PATH}/Podfile.lock\" \"${PODS_ROOT}/Manifest.lock\" > /dev/null\nif [ $? != 0 ] ; then\n    # print error to STDERR\n    echo \"error: The sandbox is not in sync with the Podfile.lock. Run 'pod install' or update your CocoaPods installation.\" >&2\n    exit 1\nfi\n# This output is used by Xcode 'outputs' to avoid re-running this script phase.\necho \"SUCCESS\" > \"${SCRIPT_OUTPUT_FILE_0}\"\n";
			showEnvVarsInLog = 0;
		};
		D324131AC21503F93348512C /* [CP] Embed Pods Frameworks */ = {
			isa = PBXShellScriptBuildPhase;
			buildActionMask = 2147483647;
			files = (
			);
			inputFileListPaths = (
				"${PODS_ROOT}/Target Support Files/Pods-MyUberDuplicate/Pods-MyUberDuplicate-frameworks-${CONFIGURATION}-input-files.xcfilelist",
			);
			name = "[CP] Embed Pods Frameworks";
			outputFileListPaths = (
				"${PODS_ROOT}/Target Support Files/Pods-MyUberDuplicate/Pods-MyUberDuplicate-frameworks-${CONFIGURATION}-output-files.xcfilelist",
			);
			runOnlyForDeploymentPostprocessing = 0;
			shellPath = /bin/sh;
			shellScript = "\"${PODS_ROOT}/Target Support Files/Pods-MyUberDuplicate/Pods-MyUberDuplicate-frameworks.sh\"\n";
			showEnvVarsInLog = 0;
		};
/* End PBXShellScriptBuildPhase section */

/* Begin PBXSourcesBuildPhase section */
		520876A1244E05730069FD6C /* Sources */ = {
			isa = PBXSourcesBuildPhase;
			buildActionMask = 2147483647;
			files = (
				5285FC93245093CD00561ABA /* SignUpController.swift in Sources */,
				5285FC952450BB2100561ABA /* AuthButton.swift in Sources */,
				52078ED12451E379004B9C12 /* HomeController.swift in Sources */,
				5260AD692454163C0055B62B /* LocationInputView.swift in Sources */,
				52A513682453697A0034D116 /* LocationInputActivationView.swift in Sources */,
				520876A9244E05730069FD6C /* AppDelegate.swift in Sources */,
				524B3BE6244F5B0A00179DD9 /* LoginController.swift in Sources */,
				520876AB244E05730069FD6C /* SceneDelegate.swift in Sources */,
				52C09B362455DC540017411C /* User.swift in Sources */,
				52C09B342455A9E30017411C /* Service.swift in Sources */,
				5285FC91245038DF00561ABA /* Extensions.swift in Sources */,
				5260AD6B2454890D0055B62B /* LocationCell.swift in Sources */,
			);
			runOnlyForDeploymentPostprocessing = 0;
		};
/* End PBXSourcesBuildPhase section */

/* Begin PBXVariantGroup section */
		520876AE244E05730069FD6C /* Main.storyboard */ = {
			isa = PBXVariantGroup;
			children = (
				520876AF244E05730069FD6C /* Base */,
			);
			name = Main.storyboard;
			sourceTree = "<group>";
		};
		520876B3244E05760069FD6C /* LaunchScreen.storyboard */ = {
			isa = PBXVariantGroup;
			children = (
				520876B4244E05760069FD6C /* Base */,
			);
			name = LaunchScreen.storyboard;
			sourceTree = "<group>";
		};
/* End PBXVariantGroup section */

/* Begin XCBuildConfiguration section */
		520876B7244E05760069FD6C /* Debug */ = {
			isa = XCBuildConfiguration;
			buildSettings = {
				ALWAYS_SEARCH_USER_PATHS = NO;
				CLANG_ANALYZER_NONNULL = YES;
				CLANG_ANALYZER_NUMBER_OBJECT_CONVERSION = YES_AGGRESSIVE;
				CLANG_CXX_LANGUAGE_STANDARD = "gnu++14";
				CLANG_CXX_LIBRARY = "libc++";
				CLANG_ENABLE_MODULES = YES;
				CLANG_ENABLE_OBJC_ARC = YES;
				CLANG_ENABLE_OBJC_WEAK = YES;
				CLANG_WARN_BLOCK_CAPTURE_AUTORELEASING = YES;
				CLANG_WARN_BOOL_CONVERSION = YES;
				CLANG_WARN_COMMA = YES;
				CLANG_WARN_CONSTANT_CONVERSION = YES;
				CLANG_WARN_DEPRECATED_OBJC_IMPLEMENTATIONS = YES;
				CLANG_WARN_DIRECT_OBJC_ISA_USAGE = YES_ERROR;
				CLANG_WARN_DOCUMENTATION_COMMENTS = YES;
				CLANG_WARN_EMPTY_BODY = YES;
				CLANG_WARN_ENUM_CONVERSION = YES;
				CLANG_WARN_INFINITE_RECURSION = YES;
				CLANG_WARN_INT_CONVERSION = YES;
				CLANG_WARN_NON_LITERAL_NULL_CONVERSION = YES;
				CLANG_WARN_OBJC_IMPLICIT_RETAIN_SELF = YES;
				CLANG_WARN_OBJC_LITERAL_CONVERSION = YES;
				CLANG_WARN_OBJC_ROOT_CLASS = YES_ERROR;
				CLANG_WARN_RANGE_LOOP_ANALYSIS = YES;
				CLANG_WARN_STRICT_PROTOTYPES = YES;
				CLANG_WARN_SUSPICIOUS_MOVE = YES;
				CLANG_WARN_UNGUARDED_AVAILABILITY = YES_AGGRESSIVE;
				CLANG_WARN_UNREACHABLE_CODE = YES;
				CLANG_WARN__DUPLICATE_METHOD_MATCH = YES;
				COPY_PHASE_STRIP = NO;
				DEBUG_INFORMATION_FORMAT = dwarf;
				ENABLE_STRICT_OBJC_MSGSEND = YES;
				ENABLE_TESTABILITY = YES;
				GCC_C_LANGUAGE_STANDARD = gnu11;
				GCC_DYNAMIC_NO_PIC = NO;
				GCC_NO_COMMON_BLOCKS = YES;
				GCC_OPTIMIZATION_LEVEL = 0;
				GCC_PREPROCESSOR_DEFINITIONS = (
					"DEBUG=1",
					"$(inherited)",
				);
				GCC_WARN_64_TO_32_BIT_CONVERSION = YES;
				GCC_WARN_ABOUT_RETURN_TYPE = YES_ERROR;
				GCC_WARN_UNDECLARED_SELECTOR = YES;
				GCC_WARN_UNINITIALIZED_AUTOS = YES_AGGRESSIVE;
				GCC_WARN_UNUSED_FUNCTION = YES;
				GCC_WARN_UNUSED_VARIABLE = YES;
				IPHONEOS_DEPLOYMENT_TARGET = 13.4;
				MTL_ENABLE_DEBUG_INFO = INCLUDE_SOURCE;
				MTL_FAST_MATH = YES;
				ONLY_ACTIVE_ARCH = YES;
				SDKROOT = iphoneos;
				SWIFT_ACTIVE_COMPILATION_CONDITIONS = DEBUG;
				SWIFT_OPTIMIZATION_LEVEL = "-Onone";
			};
			name = Debug;
		};
		520876B8244E05760069FD6C /* Release */ = {
			isa = XCBuildConfiguration;
			buildSettings = {
				ALWAYS_SEARCH_USER_PATHS = NO;
				CLANG_ANALYZER_NONNULL = YES;
				CLANG_ANALYZER_NUMBER_OBJECT_CONVERSION = YES_AGGRESSIVE;
				CLANG_CXX_LANGUAGE_STANDARD = "gnu++14";
				CLANG_CXX_LIBRARY = "libc++";
				CLANG_ENABLE_MODULES = YES;
				CLANG_ENABLE_OBJC_ARC = YES;
				CLANG_ENABLE_OBJC_WEAK = YES;
				CLANG_WARN_BLOCK_CAPTURE_AUTORELEASING = YES;
				CLANG_WARN_BOOL_CONVERSION = YES;
				CLANG_WARN_COMMA = YES;
				CLANG_WARN_CONSTANT_CONVERSION = YES;
				CLANG_WARN_DEPRECATED_OBJC_IMPLEMENTATIONS = YES;
				CLANG_WARN_DIRECT_OBJC_ISA_USAGE = YES_ERROR;
				CLANG_WARN_DOCUMENTATION_COMMENTS = YES;
				CLANG_WARN_EMPTY_BODY = YES;
				CLANG_WARN_ENUM_CONVERSION = YES;
				CLANG_WARN_INFINITE_RECURSION = YES;
				CLANG_WARN_INT_CONVERSION = YES;
				CLANG_WARN_NON_LITERAL_NULL_CONVERSION = YES;
				CLANG_WARN_OBJC_IMPLICIT_RETAIN_SELF = YES;
				CLANG_WARN_OBJC_LITERAL_CONVERSION = YES;
				CLANG_WARN_OBJC_ROOT_CLASS = YES_ERROR;
				CLANG_WARN_RANGE_LOOP_ANALYSIS = YES;
				CLANG_WARN_STRICT_PROTOTYPES = YES;
				CLANG_WARN_SUSPICIOUS_MOVE = YES;
				CLANG_WARN_UNGUARDED_AVAILABILITY = YES_AGGRESSIVE;
				CLANG_WARN_UNREACHABLE_CODE = YES;
				CLANG_WARN__DUPLICATE_METHOD_MATCH = YES;
				COPY_PHASE_STRIP = NO;
				DEBUG_INFORMATION_FORMAT = "dwarf-with-dsym";
				ENABLE_NS_ASSERTIONS = NO;
				ENABLE_STRICT_OBJC_MSGSEND = YES;
				GCC_C_LANGUAGE_STANDARD = gnu11;
				GCC_NO_COMMON_BLOCKS = YES;
				GCC_WARN_64_TO_32_BIT_CONVERSION = YES;
				GCC_WARN_ABOUT_RETURN_TYPE = YES_ERROR;
				GCC_WARN_UNDECLARED_SELECTOR = YES;
				GCC_WARN_UNINITIALIZED_AUTOS = YES_AGGRESSIVE;
				GCC_WARN_UNUSED_FUNCTION = YES;
				GCC_WARN_UNUSED_VARIABLE = YES;
				IPHONEOS_DEPLOYMENT_TARGET = 13.4;
				MTL_ENABLE_DEBUG_INFO = NO;
				MTL_FAST_MATH = YES;
				SDKROOT = iphoneos;
				SWIFT_COMPILATION_MODE = wholemodule;
				SWIFT_OPTIMIZATION_LEVEL = "-O";
				VALIDATE_PRODUCT = YES;
			};
			name = Release;
		};
		520876BA244E05760069FD6C /* Debug */ = {
			isa = XCBuildConfiguration;
			baseConfigurationReference = 976A2B025A2FE43A2B8DC91B /* Pods-MyUberDuplicate.debug.xcconfig */;
			buildSettings = {
				ASSETCATALOG_COMPILER_APPICON_NAME = AppIcon;
				CODE_SIGN_STYLE = Automatic;
				DEVELOPMENT_TEAM = 972D9Z4QKX;
				INFOPLIST_FILE = MyUberDuplicate/Info.plist;
				LD_RUNPATH_SEARCH_PATHS = (
					"$(inherited)",
					"@executable_path/Frameworks",
				);
				PRODUCT_BUNDLE_IDENTIFIER = com.ericgrant.MyUberDuplicate;
				PRODUCT_NAME = "$(TARGET_NAME)";
				SWIFT_VERSION = 5.0;
				TARGETED_DEVICE_FAMILY = "1,2";
			};
			name = Debug;
		};
		520876BB244E05760069FD6C /* Release */ = {
			isa = XCBuildConfiguration;
			baseConfigurationReference = 42D453D05D8CE16C93ABF3D5 /* Pods-MyUberDuplicate.release.xcconfig */;
			buildSettings = {
				ASSETCATALOG_COMPILER_APPICON_NAME = AppIcon;
				CODE_SIGN_STYLE = Automatic;
				DEVELOPMENT_TEAM = 972D9Z4QKX;
				INFOPLIST_FILE = MyUberDuplicate/Info.plist;
				LD_RUNPATH_SEARCH_PATHS = (
					"$(inherited)",
					"@executable_path/Frameworks",
				);
				PRODUCT_BUNDLE_IDENTIFIER = com.ericgrant.MyUberDuplicate;
				PRODUCT_NAME = "$(TARGET_NAME)";
				SWIFT_VERSION = 5.0;
				TARGETED_DEVICE_FAMILY = "1,2";
			};
			name = Release;
		};
/* End XCBuildConfiguration section */

/* Begin XCConfigurationList section */
		520876A0244E05730069FD6C /* Build configuration list for PBXProject "MyUberDuplicate" */ = {
			isa = XCConfigurationList;
			buildConfigurations = (
				520876B7244E05760069FD6C /* Debug */,
				520876B8244E05760069FD6C /* Release */,
			);
			defaultConfigurationIsVisible = 0;
			defaultConfigurationName = Release;
		};
		520876B9244E05760069FD6C /* Build configuration list for PBXNativeTarget "MyUberDuplicate" */ = {
			isa = XCConfigurationList;
			buildConfigurations = (
				520876BA244E05760069FD6C /* Debug */,
				520876BB244E05760069FD6C /* Release */,
			);
			defaultConfigurationIsVisible = 0;
			defaultConfigurationName = Release;
		};
/* End XCConfigurationList section */
	};
	rootObject = 5208769D244E05730069FD6C /* Project object */;
}
